// !$*UTF8*$!
{
	archiveVersion = 1;
	classes = {
	};
	objectVersion = 46;
	objects = {

/* Begin PBXBuildFile section */
		4C0954631BCBE79900CEFE21 /* main.m in Sources */ = {isa = PBXBuildFile; fileRef = 4C0954621BCBE79900CEFE21 /* main.m */; };
		4C0954661BCBE79900CEFE21 /* AppDelegate.m in Sources */ = {isa = PBXBuildFile; fileRef = 4C0954651BCBE79900CEFE21 /* AppDelegate.m */; };
		4C0954691BCBE79900CEFE21 /* ViewController.m in Sources */ = {isa = PBXBuildFile; fileRef = 4C0954681BCBE79900CEFE21 /* ViewController.m */; };
		4C09546C1BCBE79900CEFE21 /* Main.storyboard in Resources */ = {isa = PBXBuildFile; fileRef = 4C09546A1BCBE79900CEFE21 /* Main.storyboard */; };
		4C09546F1BCBE79900CEFE21 /* SmartMall.xcdatamodeld in Sources */ = {isa = PBXBuildFile; fileRef = 4C09546D1BCBE79900CEFE21 /* SmartMall.xcdatamodeld */; };
		4C0954711BCBE79900CEFE21 /* Assets.xcassets in Resources */ = {isa = PBXBuildFile; fileRef = 4C0954701BCBE79900CEFE21 /* Assets.xcassets */; };
		4C0954741BCBE79900CEFE21 /* LaunchScreen.storyboard in Resources */ = {isa = PBXBuildFile; fileRef = 4C0954721BCBE79900CEFE21 /* LaunchScreen.storyboard */; };
		4C09547F1BCBE79900CEFE21 /* SmartMallTests.m in Sources */ = {isa = PBXBuildFile; fileRef = 4C09547E1BCBE79900CEFE21 /* SmartMallTests.m */; };
		4C09548A1BCBE79900CEFE21 /* SmartMallUITests.m in Sources */ = {isa = PBXBuildFile; fileRef = 4C0954891BCBE79900CEFE21 /* SmartMallUITests.m */; };
/* End PBXBuildFile section */

/* Begin PBXContainerItemProxy section */
		4C09547B1BCBE79900CEFE21 /* PBXContainerItemProxy */ = {
			isa = PBXContainerItemProxy;
			containerPortal = 4C0954561BCBE79900CEFE21 /* Project object */;
			proxyType = 1;
			remoteGlobalIDString = 4C09545D1BCBE79900CEFE21;
			remoteInfo = SmartMall;
		};
		4C0954861BCBE79900CEFE21 /* PBXContainerItemProxy */ = {
			isa = PBXContainerItemProxy;
			containerPortal = 4C0954561BCBE79900CEFE21 /* Project object */;
			proxyType = 1;
			remoteGlobalIDString = 4C09545D1BCBE79900CEFE21;
			remoteInfo = SmartMall;
		};
/* End PBXContainerItemProxy section */

/* Begin PBXFileReference section */
		4C09545E1BCBE79900CEFE21 /* SmartMall.app */ = {isa = PBXFileReference; explicitFileType = wrapper.application; includeInIndex = 0; path = SmartMall.app; sourceTree = BUILT_PRODUCTS_DIR; };
		4C0954621BCBE79900CEFE21 /* main.m */ = {isa = PBXFileReference; lastKnownFileType = sourcecode.c.objc; path = main.m; sourceTree = "<group>"; };
		4C0954641BCBE79900CEFE21 /* AppDelegate.h */ = {isa = PBXFileReference; lastKnownFileType = sourcecode.c.h; path = AppDelegate.h; sourceTree = "<group>"; };
		4C0954651BCBE79900CEFE21 /* AppDelegate.m */ = {isa = PBXFileReference; lastKnownFileType = sourcecode.c.objc; path = AppDelegate.m; sourceTree = "<group>"; };
		4C0954671BCBE79900CEFE21 /* ViewController.h */ = {isa = PBXFileReference; lastKnownFileType = sourcecode.c.h; path = ViewController.h; sourceTree = "<group>"; };
		4C0954681BCBE79900CEFE21 /* ViewController.m */ = {isa = PBXFileReference; lastKnownFileType = sourcecode.c.objc; path = ViewController.m; sourceTree = "<group>"; };
		4C09546B1BCBE79900CEFE21 /* Base */ = {isa = PBXFileReference; lastKnownFileType = file.storyboard; name = Base; path = Base.lproj/Main.storyboard; sourceTree = "<group>"; };
		4C09546E1BCBE79900CEFE21 /* SmartMall.xcdatamodel */ = {isa = PBXFileReference; lastKnownFileType = wrapper.xcdatamodel; path = SmartMall.xcdatamodel; sourceTree = "<group>"; };
		4C0954701BCBE79900CEFE21 /* Assets.xcassets */ = {isa = PBXFileReference; lastKnownFileType = folder.assetcatalog; path = Assets.xcassets; sourceTree = "<group>"; };
		4C0954731BCBE79900CEFE21 /* Base */ = {isa = PBXFileReference; lastKnownFileType = file.storyboard; name = Base; path = Base.lproj/LaunchScreen.storyboard; sourceTree = "<group>"; };
		4C0954751BCBE79900CEFE21 /* Info.plist */ = {isa = PBXFileReference; lastKnownFileType = text.plist.xml; path = Info.plist; sourceTree = "<group>"; };
		4C09547A1BCBE79900CEFE21 /* SmartMallTests.xctest */ = {isa = PBXFileReference; explicitFileType = wrapper.cfbundle; includeInIndex = 0; path = SmartMallTests.xctest; sourceTree = BUILT_PRODUCTS_DIR; };
		4C09547E1BCBE79900CEFE21 /* SmartMallTests.m */ = {isa = PBXFileReference; lastKnownFileType = sourcecode.c.objc; path = SmartMallTests.m; sourceTree = "<group>"; };
		4C0954801BCBE79900CEFE21 /* Info.plist */ = {isa = PBXFileReference; lastKnownFileType = text.plist.xml; path = Info.plist; sourceTree = "<group>"; };
		4C0954851BCBE79900CEFE21 /* SmartMallUITests.xctest */ = {isa = PBXFileReference; explicitFileType = wrapper.cfbundle; includeInIndex = 0; path = SmartMallUITests.xctest; sourceTree = BUILT_PRODUCTS_DIR; };
		4C0954891BCBE79900CEFE21 /* SmartMallUITests.m */ = {isa = PBXFileReference; lastKnownFileType = sourcecode.c.objc; path = SmartMallUITests.m; sourceTree = "<group>"; };
		4C09548B1BCBE79900CEFE21 /* Info.plist */ = {isa = PBXFileReference; lastKnownFileType = text.plist.xml; path = Info.plist; sourceTree = "<group>"; };
/* End PBXFileReference section */

/* Begin PBXFrameworksBuildPhase section */
		4C09545B1BCBE79900CEFE21 /* Frameworks */ = {
			isa = PBXFrameworksBuildPhase;
			buildActionMask = 2147483647;
			files = (
			);
			runOnlyForDeploymentPostprocessing = 0;
		};
		4C0954771BCBE79900CEFE21 /* Frameworks */ = {
			isa = PBXFrameworksBuildPhase;
			buildActionMask = 2147483647;
			files = (
			);
			runOnlyForDeploymentPostprocessing = 0;
		};
		4C0954821BCBE79900CEFE21 /* Frameworks */ = {
			isa = PBXFrameworksBuildPhase;
			buildActionMask = 2147483647;
			files = (
			);
			runOnlyForDeploymentPostprocessing = 0;
		};
/* End PBXFrameworksBuildPhase section */

/* Begin PBXGroup section */
		4C0954551BCBE79900CEFE21 = {
			isa = PBXGroup;
			children = (
				4C0954601BCBE79900CEFE21 /* SmartMall */,
				4C09547D1BCBE79900CEFE21 /* SmartMallTests */,
				4C0954881BCBE79900CEFE21 /* SmartMallUITests */,
				4C09545F1BCBE79900CEFE21 /* Products */,
			);
			sourceTree = "<group>";
		};
		4C09545F1BCBE79900CEFE21 /* Products */ = {
			isa = PBXGroup;
			children = (
				4C09545E1BCBE79900CEFE21 /* SmartMall.app */,
				4C09547A1BCBE79900CEFE21 /* SmartMallTests.xctest */,
				4C0954851BCBE79900CEFE21 /* SmartMallUITests.xctest */,
			);
			name = Products;
			sourceTree = "<group>";
		};
		4C0954601BCBE79900CEFE21 /* SmartMall */ = {
			isa = PBXGroup;
			children = (
				4C0954641BCBE79900CEFE21 /* AppDelegate.h */,
				4C0954651BCBE79900CEFE21 /* AppDelegate.m */,
				4C0954671BCBE79900CEFE21 /* ViewController.h */,
				4C0954681BCBE79900CEFE21 /* ViewController.m */,
				4C09546A1BCBE79900CEFE21 /* Main.storyboard */,
				4C0954701BCBE79900CEFE21 /* Assets.xcassets */,
				4C0954721BCBE79900CEFE21 /* LaunchScreen.storyboard */,
				4C0954751BCBE79900CEFE21 /* Info.plist */,
				4C09546D1BCBE79900CEFE21 /* SmartMall.xcdatamodeld */,
				4C0954611BCBE79900CEFE21 /* Supporting Files */,
			);
			path = SmartMall;
			sourceTree = "<group>";
		};
		4C0954611BCBE79900CEFE21 /* Supporting Files */ = {
			isa = PBXGroup;
			children = (
				4C0954621BCBE79900CEFE21 /* main.m */,
			);
			name = "Supporting Files";
			sourceTree = "<group>";
		};
		4C09547D1BCBE79900CEFE21 /* SmartMallTests */ = {
			isa = PBXGroup;
			children = (
				4C09547E1BCBE79900CEFE21 /* SmartMallTests.m */,
				4C0954801BCBE79900CEFE21 /* Info.plist */,
			);
			path = SmartMallTests;
			sourceTree = "<group>";
		};
		4C0954881BCBE79900CEFE21 /* SmartMallUITests */ = {
			isa = PBXGroup;
			children = (
				4C0954891BCBE79900CEFE21 /* SmartMallUITests.m */,
				4C09548B1BCBE79900CEFE21 /* Info.plist */,
			);
			path = SmartMallUITests;
			sourceTree = "<group>";
		};
/* End PBXGroup section */

/* Begin PBXNativeTarget section */
		4C09545D1BCBE79900CEFE21 /* SmartMall */ = {
			isa = PBXNativeTarget;
			buildConfigurationList = 4C09548E1BCBE79900CEFE21 /* Build configuration list for PBXNativeTarget "SmartMall" */;
			buildPhases = (
				4C09545A1BCBE79900CEFE21 /* Sources */,
				4C09545B1BCBE79900CEFE21 /* Frameworks */,
				4C09545C1BCBE79900CEFE21 /* Resources */,
			);
			buildRules = (
			);
			dependencies = (
			);
			name = SmartMall;
			productName = SmartMall;
			productReference = 4C09545E1BCBE79900CEFE21 /* SmartMall.app */;
			productType = "com.apple.product-type.application";
		};
		4C0954791BCBE79900CEFE21 /* SmartMallTests */ = {
			isa = PBXNativeTarget;
			buildConfigurationList = 4C0954911BCBE79900CEFE21 /* Build configuration list for PBXNativeTarget "SmartMallTests" */;
			buildPhases = (
				4C0954761BCBE79900CEFE21 /* Sources */,
				4C0954771BCBE79900CEFE21 /* Frameworks */,
				4C0954781BCBE79900CEFE21 /* Resources */,
			);
			buildRules = (
			);
			dependencies = (
				4C09547C1BCBE79900CEFE21 /* PBXTargetDependency */,
			);
			name = SmartMallTests;
			productName = SmartMallTests;
			productReference = 4C09547A1BCBE79900CEFE21 /* SmartMallTests.xctest */;
			productType = "com.apple.product-type.bundle.unit-test";
		};
		4C0954841BCBE79900CEFE21 /* SmartMallUITests */ = {
			isa = PBXNativeTarget;
			buildConfigurationList = 4C0954941BCBE79900CEFE21 /* Build configuration list for PBXNativeTarget "SmartMallUITests" */;
			buildPhases = (
				4C0954811BCBE79900CEFE21 /* Sources */,
				4C0954821BCBE79900CEFE21 /* Frameworks */,
				4C0954831BCBE79900CEFE21 /* Resources */,
			);
			buildRules = (
			);
			dependencies = (
				4C0954871BCBE79900CEFE21 /* PBXTargetDependency */,
			);
			name = SmartMallUITests;
			productName = SmartMallUITests;
			productReference = 4C0954851BCBE79900CEFE21 /* SmartMallUITests.xctest */;
			productType = "com.apple.product-type.bundle.ui-testing";
		};
/* End PBXNativeTarget section */

/* Begin PBXProject section */
		4C0954561BCBE79900CEFE21 /* Project object */ = {
			isa = PBXProject;
			attributes = {
				LastUpgradeCheck = 0700;
				ORGANIZATIONNAME = BIMA;
				TargetAttributes = {
					4C09545D1BCBE79900CEFE21 = {
						CreatedOnToolsVersion = 7.0.1;
					};
					4C0954791BCBE79900CEFE21 = {
						CreatedOnToolsVersion = 7.0.1;
						TestTargetID = 4C09545D1BCBE79900CEFE21;
					};
					4C0954841BCBE79900CEFE21 = {
						CreatedOnToolsVersion = 7.0.1;
						TestTargetID = 4C09545D1BCBE79900CEFE21;
					};
				};
			};
			buildConfigurationList = 4C0954591BCBE79900CEFE21 /* Build configuration list for PBXProject "SmartMall" */;
			compatibilityVersion = "Xcode 3.2";
			developmentRegion = English;
			hasScannedForEncodings = 0;
			knownRegions = (
				en,
				Base,
			);
			mainGroup = 4C0954551BCBE79900CEFE21;
			productRefGroup = 4C09545F1BCBE79900CEFE21 /* Products */;
			projectDirPath = "";
			projectRoot = "";
			targets = (
				4C09545D1BCBE79900CEFE21 /* SmartMall */,
				4C0954791BCBE79900CEFE21 /* SmartMallTests */,
				4C0954841BCBE79900CEFE21 /* SmartMallUITests */,
			);
		};
/* End PBXProject section */

/* Begin PBXResourcesBuildPhase section */
		4C09545C1BCBE79900CEFE21 /* Resources */ = {
			isa = PBXResourcesBuildPhase;
			buildActionMask = 2147483647;
			files = (
				4C0954741BCBE79900CEFE21 /* LaunchScreen.storyboard in Resources */,
				4C0954711BCBE79900CEFE21 /* Assets.xcassets in Resources */,
				4C09546C1BCBE79900CEFE21 /* Main.storyboard in Resources */,
			);
			runOnlyForDeploymentPostprocessing = 0;
		};
		4C0954781BCBE79900CEFE21 /* Resources */ = {
			isa = PBXResourcesBuildPhase;
			buildActionMask = 2147483647;
			files = (
			);
			runOnlyForDeploymentPostprocessing = 0;
		};
		4C0954831BCBE79900CEFE21 /* Resources */ = {
			isa = PBXResourcesBuildPhase;
			buildActionMask = 2147483647;
			files = (
			);
			runOnlyForDeploymentPostprocessing = 0;
		};
/* End PBXResourcesBuildPhase section */

/* Begin PBXSourcesBuildPhase section */
		4C09545A1BCBE79900CEFE21 /* Sources */ = {
			isa = PBXSourcesBuildPhase;
			buildActionMask = 2147483647;
			files = (
				4C0954691BCBE79900CEFE21 /* ViewController.m in Sources */,
				4C0954661BCBE79900CEFE21 /* AppDelegate.m in Sources */,
				4C0954631BCBE79900CEFE21 /* main.m in Sources */,
				4C09546F1BCBE79900CEFE21 /* SmartMall.xcdatamodeld in Sources */,
			);
			runOnlyForDeploymentPostprocessing = 0;
		};
		4C0954761BCBE79900CEFE21 /* Sources */ = {
			isa = PBXSourcesBuildPhase;
			buildActionMask = 2147483647;
			files = (
				4C09547F1BCBE79900CEFE21 /* SmartMallTests.m in Sources */,
			);
			runOnlyForDeploymentPostprocessing = 0;
		};
		4C0954811BCBE79900CEFE21 /* Sources */ = {
			isa = PBXSourcesBuildPhase;
			buildActionMask = 2147483647;
			files = (
				4C09548A1BCBE79900CEFE21 /* SmartMallUITests.m in Sources */,
			);
			runOnlyForDeploymentPostprocessing = 0;
		};
/* End PBXSourcesBuildPhase section */

/* Begin PBXTargetDependency section */
		4C09547C1BCBE79900CEFE21 /* PBXTargetDependency */ = {
			isa = PBXTargetDependency;
			target = 4C09545D1BCBE79900CEFE21 /* SmartMall */;
			targetProxy = 4C09547B1BCBE79900CEFE21 /* PBXContainerItemProxy */;
		};
		4C0954871BCBE79900CEFE21 /* PBXTargetDependency */ = {
			isa = PBXTargetDependency;
			target = 4C09545D1BCBE79900CEFE21 /* SmartMall */;
			targetProxy = 4C0954861BCBE79900CEFE21 /* PBXContainerItemProxy */;
		};
/* End PBXTargetDependency section */

/* Begin PBXVariantGroup section */
		4C09546A1BCBE79900CEFE21 /* Main.storyboard */ = {
			isa = PBXVariantGroup;
			children = (
				4C09546B1BCBE79900CEFE21 /* Base */,
			);
			name = Main.storyboard;
			sourceTree = "<group>";
		};
		4C0954721BCBE79900CEFE21 /* LaunchScreen.storyboard */ = {
			isa = PBXVariantGroup;
			children = (
				4C0954731BCBE79900CEFE21 /* Base */,
			);
			name = LaunchScreen.storyboard;
			sourceTree = "<group>";
		};
/* End PBXVariantGroup section */

/* Begin XCBuildConfiguration section */
		4C09548C1BCBE79900CEFE21 /* Debug */ = {
			isa = XCBuildConfiguration;
			buildSettings = {
				ALWAYS_SEARCH_USER_PATHS = NO;
				CLANG_CXX_LANGUAGE_STANDARD = "gnu++0x";
				CLANG_CXX_LIBRARY = "libc++";
				CLANG_ENABLE_MODULES = YES;
				CLANG_ENABLE_OBJC_ARC = YES;
				CLANG_WARN_BOOL_CONVERSION = YES;
				CLANG_WARN_CONSTANT_CONVERSION = YES;
				CLANG_WARN_DIRECT_OBJC_ISA_USAGE = YES_ERROR;
				CLANG_WARN_EMPTY_BODY = YES;
				CLANG_WARN_ENUM_CONVERSION = YES;
				CLANG_WARN_INT_CONVERSION = YES;
				CLANG_WARN_OBJC_ROOT_CLASS = YES_ERROR;
				CLANG_WARN_UNREACHABLE_CODE = YES;
				CLANG_WARN__DUPLICATE_METHOD_MATCH = YES;
				"CODE_SIGN_IDENTITY[sdk=iphoneos*]" = "iPhone Developer";
				COPY_PHASE_STRIP = NO;
				DEBUG_INFORMATION_FORMAT = dwarf;
				ENABLE_STRICT_OBJC_MSGSEND = YES;
				ENABLE_TESTABILITY = YES;
				GCC_C_LANGUAGE_STANDARD = gnu99;
				GCC_DYNAMIC_NO_PIC = NO;
				GCC_NO_COMMON_BLOCKS = YES;
				GCC_OPTIMIZATION_LEVEL = 0;
				GCC_PREPROCESSOR_DEFINITIONS = (
					"DEBUG=1",
					"$(inherited)",
				);
				GCC_WARN_64_TO_32_BIT_CONVERSION = YES;
				GCC_WARN_ABOUT_RETURN_TYPE = YES_ERROR;
				GCC_WARN_UNDECLARED_SELECTOR = YES;
				GCC_WARN_UNINITIALIZED_AUTOS = YES_AGGRESSIVE;
				GCC_WARN_UNUSED_FUNCTION = YES;
				GCC_WARN_UNUSED_VARIABLE = YES;
				IPHONEOS_DEPLOYMENT_TARGET = 9.0;
				MTL_ENABLE_DEBUG_INFO = YES;
				ONLY_ACTIVE_ARCH = YES;
				SDKROOT = iphoneos;
				TARGETED_DEVICE_FAMILY = "1,2";
			};
			name = Debug;
		};
		4C09548D1BCBE79900CEFE21 /* Release */ = {
			isa = XCBuildConfiguration;
			buildSettings = {
				ALWAYS_SEARCH_USER_PATHS = NO;
				CLANG_CXX_LANGUAGE_STANDARD = "gnu++0x";
				CLANG_CXX_LIBRARY = "libc++";
				CLANG_ENABLE_MODULES = YES;
				CLANG_ENABLE_OBJC_ARC = YES;
				CLANG_WARN_BOOL_CONVERSION = YES;
				CLANG_WARN_CONSTANT_CONVERSION = YES;
				CLANG_WARN_DIRECT_OBJC_ISA_USAGE = YES_ERROR;
				CLANG_WARN_EMPTY_BODY = YES;
				CLANG_WARN_ENUM_CONVERSION = YES;
				CLANG_WARN_INT_CONVERSION = YES;
				CLANG_WARN_OBJC_ROOT_CLASS = YES_ERROR;
				CLANG_WARN_UNREACHABLE_CODE = YES;
				CLANG_WARN__DUPLICATE_METHOD_MATCH = YES;
				"CODE_SIGN_IDENTITY[sdk=iphoneos*]" = "iPhone Developer";
				COPY_PHASE_STRIP = NO;
				DEBUG_INFORMATION_FORMAT = "dwarf-with-dsym";
				ENABLE_NS_ASSERTIONS = NO;
				ENABLE_STRICT_OBJC_MSGSEND = YES;
				GCC_C_LANGUAGE_STANDARD = gnu99;
				GCC_NO_COMMON_BLOCKS = YES;
				GCC_WARN_64_TO_32_BIT_CONVERSION = YES;
				GCC_WARN_ABOUT_RETURN_TYPE = YES_ERROR;
				GCC_WARN_UNDECLARED_SELECTOR = YES;
				GCC_WARN_UNINITIALIZED_AUTOS = YES_AGGRESSIVE;
				GCC_WARN_UNUSED_FUNCTION = YES;
				GCC_WARN_UNUSED_VARIABLE = YES;
				IPHONEOS_DEPLOYMENT_TARGET = 9.0;
				MTL_ENABLE_DEBUG_INFO = NO;
				SDKROOT = iphoneos;
				TARGETED_DEVICE_FAMILY = "1,2";
				VALIDATE_PRODUCT = YES;
			};
			name = Release;
		};
		4C09548F1BCBE79900CEFE21 /* Debug */ = {
			isa = XCBuildConfiguration;
			buildSettings = {
				ASSETCATALOG_COMPILER_APPICON_NAME = AppIcon;
				INFOPLIST_FILE = SmartMall/Info.plist;
				LD_RUNPATH_SEARCH_PATHS = "$(inherited) @executable_path/Frameworks";
				PRODUCT_BUNDLE_IDENTIFIER = com.bima.SmartMall;
				PRODUCT_NAME = "$(TARGET_NAME)";
			};
			name = Debug;
		};
		4C0954901BCBE79900CEFE21 /* Release */ = {
			isa = XCBuildConfiguration;
			buildSettings = {
				ASSETCATALOG_COMPILER_APPICON_NAME = AppIcon;
				INFOPLIST_FILE = SmartMall/Info.plist;
				LD_RUNPATH_SEARCH_PATHS = "$(inherited) @executable_path/Frameworks";
				PRODUCT_BUNDLE_IDENTIFIER = com.bima.SmartMall;
				PRODUCT_NAME = "$(TARGET_NAME)";
			};
			name = Release;
		};
		4C0954921BCBE79900CEFE21 /* Debug */ = {
			isa = XCBuildConfiguration;
			buildSettings = {
				BUNDLE_LOADER = "$(TEST_HOST)";
				INFOPLIST_FILE = SmartMallTests/Info.plist;
				LD_RUNPATH_SEARCH_PATHS = "$(inherited) @executable_path/Frameworks @loader_path/Frameworks";
				PRODUCT_BUNDLE_IDENTIFIER = com.bima.SmartMallTests;
				PRODUCT_NAME = "$(TARGET_NAME)";
				TEST_HOST = "$(BUILT_PRODUCTS_DIR)/SmartMall.app/SmartMall";
			};
			name = Debug;
		};
		4C0954931BCBE79900CEFE21 /* Release */ = {
			isa = XCBuildConfiguration;
			buildSettings = {
				BUNDLE_LOADER = "$(TEST_HOST)";
				INFOPLIST_FILE = SmartMallTests/Info.plist;
				LD_RUNPATH_SEARCH_PATHS = "$(inherited) @executable_path/Frameworks @loader_path/Frameworks";
				PRODUCT_BUNDLE_IDENTIFIER = com.bima.SmartMallTests;
				PRODUCT_NAME = "$(TARGET_NAME)";
				TEST_HOST = "$(BUILT_PRODUCTS_DIR)/SmartMall.app/SmartMall";
			};
			name = Release;
		};
		4C0954951BCBE79900CEFE21 /* Debug */ = {
			isa = XCBuildConfiguration;
			buildSettings = {
				INFOPLIST_FILE = SmartMallUITests/Info.plist;
				LD_RUNPATH_SEARCH_PATHS = "$(inherited) @executable_path/Frameworks @loader_path/Frameworks";
				PRODUCT_BUNDLE_IDENTIFIER = com.bima.SmartMallUITests;
				PRODUCT_NAME = "$(TARGET_NAME)";
				TEST_TARGET_NAME = SmartMall;
				USES_XCTRUNNER = YES;
			};
			name = Debug;
		};
		4C0954961BCBE79900CEFE21 /* Release */ = {
			isa = XCBuildConfiguration;
			buildSettings = {
				INFOPLIST_FILE = SmartMallUITests/Info.plist;
				LD_RUNPATH_SEARCH_PATHS = "$(inherited) @executable_path/Frameworks @loader_path/Frameworks";
				PRODUCT_BUNDLE_IDENTIFIER = com.bima.SmartMallUITests;
				PRODUCT_NAME = "$(TARGET_NAME)";
				TEST_TARGET_NAME = SmartMall;
				USES_XCTRUNNER = YES;
			};
			name = Release;
		};
/* End XCBuildConfiguration section */

/* Begin XCConfigurationList section */
		4C0954591BCBE79900CEFE21 /* Build configuration list for PBXProject "SmartMall" */ = {
			isa = XCConfigurationList;
			buildConfigurations = (
				4C09548C1BCBE79900CEFE21 /* Debug */,
				4C09548D1BCBE79900CEFE21 /* Release */,
			);
			defaultConfigurationIsVisible = 0;
			defaultConfigurationName = Release;
		};
		4C09548E1BCBE79900CEFE21 /* Build configuration list for PBXNativeTarget "SmartMall" */ = {
			isa = XCConfigurationList;
			buildConfigurations = (
				4C09548F1BCBE79900CEFE21 /* Debug */,
				4C0954901BCBE79900CEFE21 /* Release */,
			);
			defaultConfigurationIsVisible = 0;
		};
		4C0954911BCBE79900CEFE21 /* Build configuration list for PBXNativeTarget "SmartMallTests" */ = {
			isa = XCConfigurationList;
			buildConfigurations = (
				4C0954921BCBE79900CEFE21 /* Debug */,
				4C0954931BCBE79900CEFE21 /* Release */,
			);
			defaultConfigurationIsVisible = 0;
		};
		4C0954941BCBE79900CEFE21 /* Build configuration list for PBXNativeTarget "SmartMallUITests" */ = {
			isa = XCConfigurationList;
			buildConfigurations = (
				4C0954951BCBE79900CEFE21 /* Debug */,
				4C0954961BCBE79900CEFE21 /* Release */,
			);
			defaultConfigurationIsVisible = 0;
		};
/* End XCConfigurationList section */

/* Begin XCVersionGroup section */
		4C09546D1BCBE79900CEFE21 /* SmartMall.xcdatamodeld */ = {
			isa = XCVersionGroup;
			children = (
				4C09546E1BCBE79900CEFE21 /* SmartMall.xcdatamodel */,
			);
			currentVersion = 4C09546E1BCBE79900CEFE21 /* SmartMall.xcdatamodel */;
			path = SmartMall.xcdatamodeld;
			sourceTree = "<group>";
			versionGroupType = wrapper.xcdatamodel;
		};
/* End XCVersionGroup section */
	};
	rootObject = 4C0954561BCBE79900CEFE21 /* Project object */;
}
